
Microsoft Visual Studio Solution File, Format Version 12.00
# Visual Studio Version 17
VisualStudioVersion = 17.0.32126.317
MinimumVisualStudioVersion = 10.0.40219.1
Project("{FAE04EC0-301F-11D3-BF4B-00C04F79EFBC}") = "PetShop.Client", "PetShop.Client\PetShop.Client.csproj", "{3B1B6F66-D26F-4B20-A690-7791CC35CB37}"
EndProject
Project("{FAE04EC0-301F-11D3-BF4B-00C04F79EFBC}") = "PetShop.data", "PetShop.data\PetShop.data.csproj", "{EF2DCABF-E2E4-4A82-B017-1207F8C891D9}"
EndProject
Global
	GlobalSection(SolutionConfigurationPlatforms) = preSolution
		Debug|Any CPU = Debug|Any CPU
		Release|Any CPU = Release|Any CPU
	EndGlobalSection
	GlobalSection(ProjectConfigurationPlatforms) = postSolution
		{3B1B6F66-D26F-4B20-A690-7791CC35CB37}.Debug|Any CPU.ActiveCfg = Debug|Any CPU
		{3B1B6F66-D26F-4B20-A690-7791CC35CB37}.Debug|Any CPU.Build.0 = Debug|Any CPU
		{3B1B6F66-D26F-4B20-A690-7791CC35CB37}.Release|Any CPU.ActiveCfg = Release|Any CPU
		{3B1B6F66-D26F-4B20-A690-7791CC35CB37}.Release|Any CPU.Build.0 = Release|Any CPU
		{EF2DCABF-E2E4-4A82-B017-1207F8C891D9}.Debug|Any CPU.ActiveCfg = Debug|Any CPU
		{EF2DCABF-E2E4-4A82-B017-1207F8C891D9}.Debug|Any CPU.Build.0 = Debug|Any CPU
		{EF2DCABF-E2E4-4A82-B017-1207F8C891D9}.Release|Any CPU.ActiveCfg = Release|Any CPU
		{EF2DCABF-E2E4-4A82-B017-1207F8C891D9}.Release|Any CPU.Build.0 = Release|Any CPU
	EndGlobalSection
	GlobalSection(SolutionProperties) = preSolution
		HideSolutionNode = FALSE
	EndGlobalSection
	GlobalSection(ExtensibilityGlobals) = postSolution
		SolutionGuid = {79F78D13-67B5-4211-BA89-B4D0B9FE6A1E}
	EndGlobalSection
EndGlobal
